
Microsoft Visual Studio Solution File, Format Version 12.00
# Visual Studio Version 16
VisualStudioVersion = 16.0.30128.74
MinimumVisualStudioVersion = 10.0.40219.1
Project("{FAE04EC0-301F-11D3-BF4B-00C04F79EFBC}") = "exRPM", "exRPM\exRPM.csproj", "{87C61943-11BF-4D2C-A4A2-793F79BC2871}"
EndProject
Global
	GlobalSection(SolutionConfigurationPlatforms) = preSolution
		Debug|Any CPU = Debug|Any CPU
		Release|Any CPU = Release|Any CPU
	EndGlobalSection
	GlobalSection(ProjectConfigurationPlatforms) = postSolution
		{87C61943-11BF-4D2C-A4A2-793F79BC2871}.Debug|Any CPU.ActiveCfg = Debug|Any CPU
		{87C61943-11BF-4D2C-A4A2-793F79BC2871}.Debug|Any CPU.Build.0 = Debug|Any CPU
		{87C61943-11BF-4D2C-A4A2-793F79BC2871}.Release|Any CPU.ActiveCfg = Release|Any CPU
		{87C61943-11BF-4D2C-A4A2-793F79BC2871}.Release|Any CPU.Build.0 = Release|Any CPU
	EndGlobalSection
	GlobalSection(SolutionProperties) = preSolution
		HideSolutionNode = FALSE
	EndGlobalSection
	GlobalSection(ExtensibilityGlobals) = postSolution
		SolutionGuid = {4099853D-F57B-4177-A9F5-37C238EA7CEF}
	EndGlobalSection
EndGlobal
